
Microsoft Visual Studio Solution File, Format Version 12.00
# Visual Studio Version 17
VisualStudioVersion = 17.14.36121.58 d17.14
MinimumVisualStudioVersion = 10.0.40219.1
Project("{FAE04EC0-301F-11D3-BF4B-00C04F79EFBC}") = "WindowsFormsApp1", "WindowsFormsApp1.csproj", "{2219D4D2-98BD-46FC-A208-9C009548D90D}"
EndProject
Global
	GlobalSection(SolutionConfigurationPlatforms) = preSolution
		Debug|Any CPU = Debug|Any CPU
		Release|Any CPU = Release|Any CPU
	EndGlobalSection
	GlobalSection(ProjectConfigurationPlatforms) = postSolution
		{2219D4D2-98BD-46FC-A208-9C009548D90D}.Debug|Any CPU.ActiveCfg = Debug|Any CPU
		{2219D4D2-98BD-46FC-A208-9C009548D90D}.Debug|Any CPU.Build.0 = Debug|Any CPU
		{2219D4D2-98BD-46FC-A208-9C009548D90D}.Release|Any CPU.ActiveCfg = Release|Any CPU
		{2219D4D2-98BD-46FC-A208-9C009548D90D}.Release|Any CPU.Build.0 = Release|Any CPU
	EndGlobalSection
	GlobalSection(SolutionProperties) = preSolution
		HideSolutionNode = FALSE
	EndGlobalSection
	GlobalSection(ExtensibilityGlobals) = postSolution
		SolutionGuid = {ACC64E34-98C1-4766-8142-070CDFE4331F}
	EndGlobalSection
EndGlobal
