
Microsoft Visual Studio Solution File, Format Version 12.00
# Visual Studio Version 17
VisualStudioVersion = 17.13.35716.79 d17.13
MinimumVisualStudioVersion = 10.0.40219.1
Project("{FAE04EC0-301F-11D3-BF4B-00C04F79EFBC}") = "Assignment 2 (problem5)", "Assignment 2 (problem5).csproj", "{C20BA52E-569E-4E63-A1E2-5E8EE10A52F5}"
EndProject
Global
	GlobalSection(SolutionConfigurationPlatforms) = preSolution
		Debug|Any CPU = Debug|Any CPU
		Release|Any CPU = Release|Any CPU
	EndGlobalSection
	GlobalSection(ProjectConfigurationPlatforms) = postSolution
		{C20BA52E-569E-4E63-A1E2-5E8EE10A52F5}.Debug|Any CPU.ActiveCfg = Debug|Any CPU
		{C20BA52E-569E-4E63-A1E2-5E8EE10A52F5}.Debug|Any CPU.Build.0 = Debug|Any CPU
		{C20BA52E-569E-4E63-A1E2-5E8EE10A52F5}.Release|Any CPU.ActiveCfg = Release|Any CPU
		{C20BA52E-569E-4E63-A1E2-5E8EE10A52F5}.Release|Any CPU.Build.0 = Release|Any CPU
	EndGlobalSection
	GlobalSection(SolutionProperties) = preSolution
		HideSolutionNode = FALSE
	EndGlobalSection
	GlobalSection(ExtensibilityGlobals) = postSolution
		SolutionGuid = {2CF1B6EF-A9F3-49B5-B265-F6698A4F293B}
	EndGlobalSection
EndGlobal
