
Microsoft Visual Studio Solution File, Format Version 12.00
# Visual Studio Version 17
VisualStudioVersion = 17.14.36121.58 d17.14
MinimumVisualStudioVersion = 10.0.40219.1
Project("{FAE04EC0-301F-11D3-BF4B-00C04F79EFBC}") = "final practice2", "final practice2.csproj", "{6D3992B8-0867-4469-9688-DB6E0BB56F8A}"
EndProject
Global
	GlobalSection(SolutionConfigurationPlatforms) = preSolution
		Debug|Any CPU = Debug|Any CPU
		Release|Any CPU = Release|Any CPU
	EndGlobalSection
	GlobalSection(ProjectConfigurationPlatforms) = postSolution
		{6D3992B8-0867-4469-9688-DB6E0BB56F8A}.Debug|Any CPU.ActiveCfg = Debug|Any CPU
		{6D3992B8-0867-4469-9688-DB6E0BB56F8A}.Debug|Any CPU.Build.0 = Debug|Any CPU
		{6D3992B8-0867-4469-9688-DB6E0BB56F8A}.Release|Any CPU.ActiveCfg = Release|Any CPU
		{6D3992B8-0867-4469-9688-DB6E0BB56F8A}.Release|Any CPU.Build.0 = Release|Any CPU
	EndGlobalSection
	GlobalSection(SolutionProperties) = preSolution
		HideSolutionNode = FALSE
	EndGlobalSection
	GlobalSection(ExtensibilityGlobals) = postSolution
		SolutionGuid = {9D679A27-C390-4DEC-B07A-C24FF3EC1822}
	EndGlobalSection
EndGlobal
