
Microsoft Visual Studio Solution File, Format Version 12.00
# Visual Studio Version 17
VisualStudioVersion = 17.13.35716.79 d17.13
MinimumVisualStudioVersion = 10.0.40219.1
Project("{FAE04EC0-301F-11D3-BF4B-00C04F79EFBC}") = "Assignment 1 (Problem1)", "Assignment 1 (Problem1).csproj", "{FA5B7641-1B7C-4094-AEC2-2F9BBFC54DB2}"
EndProject
Global
	GlobalSection(SolutionConfigurationPlatforms) = preSolution
		Debug|Any CPU = Debug|Any CPU
		Release|Any CPU = Release|Any CPU
	EndGlobalSection
	GlobalSection(ProjectConfigurationPlatforms) = postSolution
		{FA5B7641-1B7C-4094-AEC2-2F9BBFC54DB2}.Debug|Any CPU.ActiveCfg = Debug|Any CPU
		{FA5B7641-1B7C-4094-AEC2-2F9BBFC54DB2}.Debug|Any CPU.Build.0 = Debug|Any CPU
		{FA5B7641-1B7C-4094-AEC2-2F9BBFC54DB2}.Release|Any CPU.ActiveCfg = Release|Any CPU
		{FA5B7641-1B7C-4094-AEC2-2F9BBFC54DB2}.Release|Any CPU.Build.0 = Release|Any CPU
	EndGlobalSection
	GlobalSection(SolutionProperties) = preSolution
		HideSolutionNode = FALSE
	EndGlobalSection
	GlobalSection(ExtensibilityGlobals) = postSolution
		SolutionGuid = {05FDD201-2712-46F0-AD4A-F298120C00C7}
	EndGlobalSection
EndGlobal
