
Microsoft Visual Studio Solution File, Format Version 12.00
# Visual Studio Version 17
VisualStudioVersion = 17.13.35716.79 d17.13
MinimumVisualStudioVersion = 10.0.40219.1
Project("{FAE04EC0-301F-11D3-BF4B-00C04F79EFBC}") = "Assignment 4 (problem 11)", "Assignment 4 (problem 11).csproj", "{10385257-46BE-4D06-9D78-F6B38CE37C4B}"
EndProject
Global
	GlobalSection(SolutionConfigurationPlatforms) = preSolution
		Debug|Any CPU = Debug|Any CPU
		Release|Any CPU = Release|Any CPU
	EndGlobalSection
	GlobalSection(ProjectConfigurationPlatforms) = postSolution
		{10385257-46BE-4D06-9D78-F6B38CE37C4B}.Debug|Any CPU.ActiveCfg = Debug|Any CPU
		{10385257-46BE-4D06-9D78-F6B38CE37C4B}.Debug|Any CPU.Build.0 = Debug|Any CPU
		{10385257-46BE-4D06-9D78-F6B38CE37C4B}.Release|Any CPU.ActiveCfg = Release|Any CPU
		{10385257-46BE-4D06-9D78-F6B38CE37C4B}.Release|Any CPU.Build.0 = Release|Any CPU
	EndGlobalSection
	GlobalSection(SolutionProperties) = preSolution
		HideSolutionNode = FALSE
	EndGlobalSection
	GlobalSection(ExtensibilityGlobals) = postSolution
		SolutionGuid = {1C46D784-DD00-4D44-B3D2-1E1AC4ECAE81}
	EndGlobalSection
EndGlobal
