
Microsoft Visual Studio Solution File, Format Version 12.00
# Visual Studio Version 17
VisualStudioVersion = 17.13.35716.79 d17.13
MinimumVisualStudioVersion = 10.0.40219.1
Project("{FAE04EC0-301F-11D3-BF4B-00C04F79EFBC}") = "Quiz 1 Practice", "Quiz 1 Practice.csproj", "{A0345047-4444-4425-A106-709C2C11BB1F}"
EndProject
Global
	GlobalSection(SolutionConfigurationPlatforms) = preSolution
		Debug|Any CPU = Debug|Any CPU
		Release|Any CPU = Release|Any CPU
	EndGlobalSection
	GlobalSection(ProjectConfigurationPlatforms) = postSolution
		{A0345047-4444-4425-A106-709C2C11BB1F}.Debug|Any CPU.ActiveCfg = Debug|Any CPU
		{A0345047-4444-4425-A106-709C2C11BB1F}.Debug|Any CPU.Build.0 = Debug|Any CPU
		{A0345047-4444-4425-A106-709C2C11BB1F}.Release|Any CPU.ActiveCfg = Release|Any CPU
		{A0345047-4444-4425-A106-709C2C11BB1F}.Release|Any CPU.Build.0 = Release|Any CPU
	EndGlobalSection
	GlobalSection(SolutionProperties) = preSolution
		HideSolutionNode = FALSE
	EndGlobalSection
	GlobalSection(ExtensibilityGlobals) = postSolution
		SolutionGuid = {A7696C5A-01FE-48D9-AB91-5CD14D63208B}
	EndGlobalSection
EndGlobal
