
Microsoft Visual Studio Solution File, Format Version 12.00
# Visual Studio Version 17
VisualStudioVersion = 17.14.36109.1 d17.14
MinimumVisualStudioVersion = 10.0.40219.1
Project("{FAE04EC0-301F-11D3-BF4B-00C04F79EFBC}") = "final lab practice", "final lab practice.csproj", "{AC15B933-446F-46FB-BBD6-14F6B770C712}"
EndProject
Global
	GlobalSection(SolutionConfigurationPlatforms) = preSolution
		Debug|Any CPU = Debug|Any CPU
		Release|Any CPU = Release|Any CPU
	EndGlobalSection
	GlobalSection(ProjectConfigurationPlatforms) = postSolution
		{AC15B933-446F-46FB-BBD6-14F6B770C712}.Debug|Any CPU.ActiveCfg = Debug|Any CPU
		{AC15B933-446F-46FB-BBD6-14F6B770C712}.Debug|Any CPU.Build.0 = Debug|Any CPU
		{AC15B933-446F-46FB-BBD6-14F6B770C712}.Release|Any CPU.ActiveCfg = Release|Any CPU
		{AC15B933-446F-46FB-BBD6-14F6B770C712}.Release|Any CPU.Build.0 = Release|Any CPU
	EndGlobalSection
	GlobalSection(SolutionProperties) = preSolution
		HideSolutionNode = FALSE
	EndGlobalSection
	GlobalSection(ExtensibilityGlobals) = postSolution
		SolutionGuid = {7BD1B66D-6C65-4C91-A075-9CBCCB5C9714}
	EndGlobalSection
EndGlobal
