
Microsoft Visual Studio Solution File, Format Version 12.00
# Visual Studio Version 17
VisualStudioVersion = 17.13.35716.79 d17.13
MinimumVisualStudioVersion = 10.0.40219.1
Project("{FAE04EC0-301F-11D3-BF4B-00C04F79EFBC}") = "Assignment 4 (problem 9)", "Assignment 4 (problem 9).csproj", "{1034882C-1CA3-46D6-A276-B5372A676A2A}"
EndProject
Global
	GlobalSection(SolutionConfigurationPlatforms) = preSolution
		Debug|Any CPU = Debug|Any CPU
		Release|Any CPU = Release|Any CPU
	EndGlobalSection
	GlobalSection(ProjectConfigurationPlatforms) = postSolution
		{1034882C-1CA3-46D6-A276-B5372A676A2A}.Debug|Any CPU.ActiveCfg = Debug|Any CPU
		{1034882C-1CA3-46D6-A276-B5372A676A2A}.Debug|Any CPU.Build.0 = Debug|Any CPU
		{1034882C-1CA3-46D6-A276-B5372A676A2A}.Release|Any CPU.ActiveCfg = Release|Any CPU
		{1034882C-1CA3-46D6-A276-B5372A676A2A}.Release|Any CPU.Build.0 = Release|Any CPU
	EndGlobalSection
	GlobalSection(SolutionProperties) = preSolution
		HideSolutionNode = FALSE
	EndGlobalSection
	GlobalSection(ExtensibilityGlobals) = postSolution
		SolutionGuid = {311DEF73-A35B-4749-BB9F-8FF48291D9CB}
	EndGlobalSection
EndGlobal
