
Microsoft Visual Studio Solution File, Format Version 12.00
# Visual Studio Version 17
VisualStudioVersion = 17.14.36121.58 d17.14
MinimumVisualStudioVersion = 10.0.40219.1
Project("{FAE04EC0-301F-11D3-BF4B-00C04F79EFBC}") = "avanced image quiz 2", "avanced image quiz 2.csproj", "{B6B741AD-79B6-4154-9C64-E2A669E3008B}"
EndProject
Global
	GlobalSection(SolutionConfigurationPlatforms) = preSolution
		Debug|Any CPU = Debug|Any CPU
		Release|Any CPU = Release|Any CPU
	EndGlobalSection
	GlobalSection(ProjectConfigurationPlatforms) = postSolution
		{B6B741AD-79B6-4154-9C64-E2A669E3008B}.Debug|Any CPU.ActiveCfg = Debug|Any CPU
		{B6B741AD-79B6-4154-9C64-E2A669E3008B}.Debug|Any CPU.Build.0 = Debug|Any CPU
		{B6B741AD-79B6-4154-9C64-E2A669E3008B}.Release|Any CPU.ActiveCfg = Release|Any CPU
		{B6B741AD-79B6-4154-9C64-E2A669E3008B}.Release|Any CPU.Build.0 = Release|Any CPU
	EndGlobalSection
	GlobalSection(SolutionProperties) = preSolution
		HideSolutionNode = FALSE
	EndGlobalSection
	GlobalSection(ExtensibilityGlobals) = postSolution
		SolutionGuid = {002D20B4-7DDE-4006-98B3-E52000483F06}
	EndGlobalSection
EndGlobal
