
Microsoft Visual Studio Solution File, Format Version 12.00
# Visual Studio Version 17
VisualStudioVersion = 17.14.36109.1 d17.14
MinimumVisualStudioVersion = 10.0.40219.1
Project("{FAE04EC0-301F-11D3-BF4B-00C04F79EFBC}") = "Last Lab Task 8 - A2", "Last Lab Task 8 - A2.csproj", "{A862AB3E-E3BB-484B-9578-5C6AD45A38C2}"
EndProject
Global
	GlobalSection(SolutionConfigurationPlatforms) = preSolution
		Debug|Any CPU = Debug|Any CPU
		Release|Any CPU = Release|Any CPU
	EndGlobalSection
	GlobalSection(ProjectConfigurationPlatforms) = postSolution
		{A862AB3E-E3BB-484B-9578-5C6AD45A38C2}.Debug|Any CPU.ActiveCfg = Debug|Any CPU
		{A862AB3E-E3BB-484B-9578-5C6AD45A38C2}.Debug|Any CPU.Build.0 = Debug|Any CPU
		{A862AB3E-E3BB-484B-9578-5C6AD45A38C2}.Release|Any CPU.ActiveCfg = Release|Any CPU
		{A862AB3E-E3BB-484B-9578-5C6AD45A38C2}.Release|Any CPU.Build.0 = Release|Any CPU
	EndGlobalSection
	GlobalSection(SolutionProperties) = preSolution
		HideSolutionNode = FALSE
	EndGlobalSection
	GlobalSection(ExtensibilityGlobals) = postSolution
		SolutionGuid = {88051C8D-AD9D-4FC5-86A9-33BC1774B606}
	EndGlobalSection
EndGlobal
