
Microsoft Visual Studio Solution File, Format Version 12.00
# Visual Studio Version 16
VisualStudioVersion = 16.0.34601.136
MinimumVisualStudioVersion = 10.0.40219.1
Project("{FAE04EC0-301F-11D3-BF4B-00C04F79EFBC}") = "InLec_07_05_2024A", "InLec_07_05_2024A\InLec_07_05_2024A.csproj", "{63AE9FDF-75E0-4C71-862D-D433BF18F029}"
EndProject
Global
	GlobalSection(SolutionConfigurationPlatforms) = preSolution
		Debug|Any CPU = Debug|Any CPU
		Release|Any CPU = Release|Any CPU
	EndGlobalSection
	GlobalSection(ProjectConfigurationPlatforms) = postSolution
		{63AE9FDF-75E0-4C71-862D-D433BF18F029}.Debug|Any CPU.ActiveCfg = Debug|Any CPU
		{63AE9FDF-75E0-4C71-862D-D433BF18F029}.Debug|Any CPU.Build.0 = Debug|Any CPU
		{63AE9FDF-75E0-4C71-862D-D433BF18F029}.Release|Any CPU.ActiveCfg = Release|Any CPU
		{63AE9FDF-75E0-4C71-862D-D433BF18F029}.Release|Any CPU.Build.0 = Release|Any CPU
	EndGlobalSection
	GlobalSection(SolutionProperties) = preSolution
		HideSolutionNode = FALSE
	EndGlobalSection
	GlobalSection(ExtensibilityGlobals) = postSolution
		SolutionGuid = {28EA9313-6DFB-45DD-8FB8-A6AE27C544DD}
	EndGlobalSection
EndGlobal
