
Microsoft Visual Studio Solution File, Format Version 12.00
# Visual Studio Version 17
VisualStudioVersion = 17.13.35716.79 d17.13
MinimumVisualStudioVersion = 10.0.40219.1
Project("{FAE04EC0-301F-11D3-BF4B-00C04F79EFBC}") = "Assiginment 5 (Problem 16)", "Assiginment 5 (Problem 16).csproj", "{7FD39288-100C-4452-8696-AE2A7C87D43B}"
EndProject
Global
	GlobalSection(SolutionConfigurationPlatforms) = preSolution
		Debug|Any CPU = Debug|Any CPU
		Release|Any CPU = Release|Any CPU
	EndGlobalSection
	GlobalSection(ProjectConfigurationPlatforms) = postSolution
		{7FD39288-100C-4452-8696-AE2A7C87D43B}.Debug|Any CPU.ActiveCfg = Debug|Any CPU
		{7FD39288-100C-4452-8696-AE2A7C87D43B}.Debug|Any CPU.Build.0 = Debug|Any CPU
		{7FD39288-100C-4452-8696-AE2A7C87D43B}.Release|Any CPU.ActiveCfg = Release|Any CPU
		{7FD39288-100C-4452-8696-AE2A7C87D43B}.Release|Any CPU.Build.0 = Release|Any CPU
	EndGlobalSection
	GlobalSection(SolutionProperties) = preSolution
		HideSolutionNode = FALSE
	EndGlobalSection
	GlobalSection(ExtensibilityGlobals) = postSolution
		SolutionGuid = {5E03323A-6BC5-49F4-B43D-2BA1A60A41E8}
	EndGlobalSection
EndGlobal
